
Microsoft Visual Studio Solution File, Format Version 12.00
# Visual Studio 14
VisualStudioVersion = 14.0.25420.1
MinimumVisualStudioVersion = 10.0.40219.1
Project("{FAE04EC0-301F-11D3-BF4B-00C04F79EFBC}") = "GameTest", "GameTest\GameTest.csproj", "{468ABC78-60FF-4CD0-8FA6-776AE5167DA4}"
EndProject
Project("{FAE04EC0-301F-11D3-BF4B-00C04F79EFBC}") = "TicTacToe", "TicTacToe\TicTacToe.csproj", "{69B8C686-1209-4DEA-A45F-6A26D45553ED}"
EndProject
Global
	GlobalSection(SolutionConfigurationPlatforms) = preSolution
		Debug|Any CPU = Debug|Any CPU
		Release|Any CPU = Release|Any CPU
	EndGlobalSection
	GlobalSection(ProjectConfigurationPlatforms) = postSolution
		{468ABC78-60FF-4CD0-8FA6-776AE5167DA4}.Debug|Any CPU.ActiveCfg = Debug|Any CPU
		{468ABC78-60FF-4CD0-8FA6-776AE5167DA4}.Debug|Any CPU.Build.0 = Debug|Any CPU
		{468ABC78-60FF-4CD0-8FA6-776AE5167DA4}.Release|Any CPU.ActiveCfg = Release|Any CPU
		{468ABC78-60FF-4CD0-8FA6-776AE5167DA4}.Release|Any CPU.Build.0 = Release|Any CPU
		{69B8C686-1209-4DEA-A45F-6A26D45553ED}.Debug|Any CPU.ActiveCfg = Debug|Any CPU
		{69B8C686-1209-4DEA-A45F-6A26D45553ED}.Debug|Any CPU.Build.0 = Debug|Any CPU
		{69B8C686-1209-4DEA-A45F-6A26D45553ED}.Release|Any CPU.ActiveCfg = Release|Any CPU
		{69B8C686-1209-4DEA-A45F-6A26D45553ED}.Release|Any CPU.Build.0 = Release|Any CPU
	EndGlobalSection
	GlobalSection(SolutionProperties) = preSolution
		HideSolutionNode = FALSE
	EndGlobalSection
EndGlobal
